
Microsoft Visual Studio Solution File, Format Version 12.00
# Visual Studio Version 16
VisualStudioVersion = 16.0.29613.14
MinimumVisualStudioVersion = 10.0.40219.1
Project("{FAE04EC0-301F-11D3-BF4B-00C04F79EFBC}") = "book-site", "book-site\book-site.csproj", "{1800029B-B03C-4A53-A7CC-31E46B0DE73C}"
EndProject
Global
	GlobalSection(SolutionConfigurationPlatforms) = preSolution
		Debug|Any CPU = Debug|Any CPU
		Release|Any CPU = Release|Any CPU
	EndGlobalSection
	GlobalSection(ProjectConfigurationPlatforms) = postSolution
		{1800029B-B03C-4A53-A7CC-31E46B0DE73C}.Debug|Any CPU.ActiveCfg = Debug|Any CPU
		{1800029B-B03C-4A53-A7CC-31E46B0DE73C}.Debug|Any CPU.Build.0 = Debug|Any CPU
		{1800029B-B03C-4A53-A7CC-31E46B0DE73C}.Release|Any CPU.ActiveCfg = Release|Any CPU
		{1800029B-B03C-4A53-A7CC-31E46B0DE73C}.Release|Any CPU.Build.0 = Release|Any CPU
	EndGlobalSection
	GlobalSection(SolutionProperties) = preSolution
		HideSolutionNode = FALSE
	EndGlobalSection
	GlobalSection(ExtensibilityGlobals) = postSolution
		SolutionGuid = {CC08730D-3CFF-4FCC-94B5-E14A7F6EE659}
	EndGlobalSection
EndGlobal
